PODS:
  - Flutter (1.0.0)
  - flutter_native_example (0.0.1):
    - Flutter

DEPENDENCIES:
  - Flutter (from `Flutter`)
  - flutter_native_example (from `.symlinks/plugins/flutter_native_example/ios`)

EXTERNAL SOURCES:
  Flutter:
    :path: Flutter
  flutter_native_example:
    :path: ".symlinks/plugins/flutter_native_example/ios"

SPEC CHECKSUMS:
  Flutter: e0871f40cf51350855a761d2e70bf5af5b9b5de7
  flutter_native_example: 48ec2633e45b236ffe259380bb060f1a320c112a

PODFILE CHECKSUM: 819463e6a0290f5a72f145ba7cde16e8b6ef0796

COCOAPODS: 1.15.2
